{"format_version":"0.1","terraform_version":"0.14.7","variables":{"app_service_plan_name":{"value":"GitHubActionsSP"},"database_name":{"value":"heroes"},"heroesapi_appsvcname":{"value":"HeroesApi"},"heroesinsights":{"value":"HeroesInsights"},"heroesweb_appsvcname":{"value":"HeroesWeb"},"location":{"value":"westeurope"},"resource_group":{"value":"GitHubActionsRG"},"sql_server_login":{"value":"administrador"},"sql_server_name":{"value":"heroessql"},"sql_server_pwd":{"value":"MyPwd123#"}},"planned_values":{"outputs":{"insights_instrumentation_key":{"sensitive":false}},"root_module":{"resources":[{"address":"azurerm_app_service.heroesapi","mode":"managed","type":"azurerm_app_service","name":"heroesapi","provider_name":"registry.terraform.io/hashicorp/azurerm","schema_version":0,"values":{"backup":[],"client_affinity_enabled":false,"client_cert_enabled":false,"enabled":true,"https_only":false,"location":"westeurope","name":"HeroesApi","resource_group_name":"GitHubActionsRG","site_config":[{"always_on":false,"app_command_line":null,"auto_swap_slot_name":null,"default_documents":null,"dotnet_framework_version":"v4.0","health_check_path":null,"http2_enabled":false,"java_container":null,"java_container_version":null,"java_version":null,"managed_pipeline_mode":"Integrated","php_version":null,"python_version":null,"remote_debugging_enabled":false,"scm_use_main_ip_restriction":false,"use_32_bit_worker_process":null,"websockets_enabled":true}],"tags":null,"timeouts":null}},{"address":"azurerm_app_service.heroesweb","mode":"managed","type":"azurerm_app_service","name":"heroesweb","provider_name":"registry.terraform.io/hashicorp/azurerm","schema_version":0,"values":{"backup":[],"client_affinity_enabled":false,"client_cert_enabled":false,"enabled":true,"https_only":false,"location":"westeurope","name":"HeroesWeb","resource_group_name":"GitHubActionsRG","site_config":[{"always_on":false,"app_command_line":null,"auto_swap_slot_name":null,"default_documents":["index.html"],"dotnet_framework_version":"v4.0","health_check_path":null,"http2_enabled":false,"java_container":null,"java_container_version":null,"java_version":null,"managed_pipeline_mode":"Integrated","php_version":null,"python_version":null,"remote_debugging_enabled":false,"scm_use_main_ip_restriction":false,"use_32_bit_worker_process":null,"websockets_enabled":true}],"tags":null,"timeouts":null}},{"address":"azurerm_app_service_plan.zerosp","mode":"managed","type":"azurerm_app_service_plan","name":"zerosp","provider_name":"registry.terraform.io/hashicorp/azurerm","schema_version":0,"values":{"app_service_environment_id":null,"is_xenon":null,"kind":"Windows","location":"westeurope","name":"GitHubActionsSP","per_site_scaling":null,"reserved":null,"resource_group_name":"GitHubActionsRG","sku":[{"size":"S1","tier":"Standard"}],"tags":null,"timeouts":null}},{"address":"azurerm_app_service_slot.heroesapislot","mode":"managed","type":"azurerm_app_service_slot","name":"heroesapislot","provider_name":"registry.terraform.io/hashicorp/azurerm","schema_version":0,"values":{"app_service_name":"HeroesApi","enabled":true,"https_only":false,"location":"westeurope","name":"blue","resource_group_name":"GitHubActionsRG","site_config":[{"always_on":false,"app_command_line":null,"auto_swap_slot_name":null,"default_documents":null,"dotnet_framework_version":"v4.0","health_check_path":null,"http2_enabled":false,"java_container":null,"java_container_version":null,"java_version":null,"managed_pipeline_mode":"Integrated","php_version":null,"python_version":null,"remote_debugging_enabled":false,"scm_use_main_ip_restriction":false,"use_32_bit_worker_process":null,"websockets_enabled":true}],"tags":null,"timeouts":null}},{"address":"azurerm_app_service_slot.heroeswebslot","mode":"managed","type":"azurerm_app_service_slot","name":"heroeswebslot","provider_name":"registry.terraform.io/hashicorp/azurerm","schema_version":0,"values":{"app_service_name":"HeroesWeb","enabled":true,"https_only":false,"location":"westeurope","name":"blue","resource_group_name":"GitHubActionsRG","site_config":[{"always_on":false,"app_command_line":null,"auto_swap_slot_name":null,"default_documents":["index.html"],"dotnet_framework_version":"v4.0","health_check_path":null,"http2_enabled":false,"java_container":null,"java_container_version":null,"java_version":null,"managed_pipeline_mode":"Integrated","php_version":null,"python_version":null,"remote_debugging_enabled":false,"scm_use_main_ip_restriction":false,"use_32_bit_worker_process":null,"websockets_enabled":true}],"tags":null,"timeouts":null}},{"address":"azurerm_application_insights.heroesappinsights","mode":"managed","type":"azurerm_application_insights","name":"heroesappinsights","provider_name":"registry.terraform.io/hashicorp/azurerm","schema_version":0,"values":{"application_type":"web","disable_ip_masking":false,"location":"westeurope","name":"HeroesInsights","resource_group_name":"GitHubActionsRG","retention_in_days":90,"sampling_percentage":100,"tags":null,"timeouts":null}},{"address":"azurerm_resource_group.zerorg","mode":"managed","type":"azurerm_resource_group","name":"zerorg","provider_name":"registry.terraform.io/hashicorp/azurerm","schema_version":0,"values":{"location":"westeurope","name":"GitHubActionsRG","tags":null,"timeouts":null}},{"address":"azurerm_sql_database.heroesdatabase","mode":"managed","type":"azurerm_sql_database","name":"heroesdatabase","provider_name":"registry.terraform.io/hashicorp/azurerm","schema_version":0,"values":{"create_mode":"Default","edition":"Standard","import":[],"location":"westeurope","name":"heroes","read_scale":false,"requested_service_objective_name":"S0","resource_group_name":"GitHubActionsRG","server_name":"heroessql","tags":null,"timeouts":null,"zone_redundant":null}},{"address":"azurerm_sql_firewall_rule.sqlsrvfirewall","mode":"managed","type":"azurerm_sql_firewall_rule","name":"sqlsrvfirewall","provider_name":"registry.terraform.io/hashicorp/azurerm","schema_version":0,"values":{"end_ip_address":"255.255.255.255","name":"sqlfr1","resource_group_name":"GitHubActionsRG","server_name":"heroessql","start_ip_address":"1.1.1.1","timeouts":null}},{"address":"azurerm_sql_server.sqlsrv","mode":"managed","type":"azurerm_sql_server","name":"sqlsrv","provider_name":"registry.terraform.io/hashicorp/azurerm","schema_version":0,"values":{"administrator_login":"administrador","administrator_login_password":"MyPwd123#","connection_policy":"Default","identity":[],"location":"westeurope","name":"heroessql","resource_group_name":"GitHubActionsRG","tags":null,"timeouts":null,"version":"12.0"}}]}},"resource_changes":[{"address":"azurerm_app_service.heroesapi","mode":"managed","type":"azurerm_app_service","name":"heroesapi","provider_name":"registry.terraform.io/hashicorp/azurerm","change":{"actions":["create"],"before":null,"after":{"backup":[],"client_affinity_enabled":false,"client_cert_enabled":false,"enabled":true,"https_only":false,"location":"westeurope","name":"HeroesApi","resource_group_name":"GitHubActionsRG","site_config":[{"always_on":false,"app_command_line":null,"auto_swap_slot_name":null,"default_documents":null,"dotnet_framework_version":"v4.0","health_check_path":null,"http2_enabled":false,"java_container":null,"java_container_version":null,"java_version":null,"managed_pipeline_mode":"Integrated","php_version":null,"python_version":null,"remote_debugging_enabled":false,"scm_use_main_ip_restriction":false,"use_32_bit_worker_process":null,"websockets_enabled":true}],"tags":null,"timeouts":null},"after_unknown":{"app_service_plan_id":true,"app_settings":true,"auth_settings":true,"backup":[],"connection_string":true,"custom_domain_verification_id":true,"default_site_hostname":true,"id":true,"identity":true,"logs":true,"outbound_ip_address_list":true,"outbound_ip_addresses":true,"possible_outbound_ip_address_list":true,"possible_outbound_ip_addresses":true,"site_config":[{"cors":true,"ftps_state":true,"ip_restriction":true,"linux_fx_version":true,"local_mysql_enabled":true,"min_tls_version":true,"number_of_workers":true,"remote_debugging_version":true,"scm_ip_restriction":true,"scm_type":true,"windows_fx_version":true}],"site_credential":true,"source_control":true,"storage_account":true}}},{"address":"azurerm_app_service.heroesweb","mode":"managed","type":"azurerm_app_service","name":"heroesweb","provider_name":"registry.terraform.io/hashicorp/azurerm","change":{"actions":["create"],"before":null,"after":{"backup":[],"client_affinity_enabled":false,"client_cert_enabled":false,"enabled":true,"https_only":false,"location":"westeurope","name":"HeroesWeb","resource_group_name":"GitHubActionsRG","site_config":[{"always_on":false,"app_command_line":null,"auto_swap_slot_name":null,"default_documents":["index.html"],"dotnet_framework_version":"v4.0","health_check_path":null,"http2_enabled":false,"java_container":null,"java_container_version":null,"java_version":null,"managed_pipeline_mode":"Integrated","php_version":null,"python_version":null,"remote_debugging_enabled":false,"scm_use_main_ip_restriction":false,"use_32_bit_worker_process":null,"websockets_enabled":true}],"tags":null,"timeouts":null},"after_unknown":{"app_service_plan_id":true,"app_settings":true,"auth_settings":true,"backup":[],"connection_string":true,"custom_domain_verification_id":true,"default_site_hostname":true,"id":true,"identity":true,"logs":true,"outbound_ip_address_list":true,"outbound_ip_addresses":true,"possible_outbound_ip_address_list":true,"possible_outbound_ip_addresses":true,"site_config":[{"cors":true,"default_documents":[false],"ftps_state":true,"ip_restriction":true,"linux_fx_version":true,"local_mysql_enabled":true,"min_tls_version":true,"number_of_workers":true,"remote_debugging_version":true,"scm_ip_restriction":true,"scm_type":true,"windows_fx_version":true}],"site_credential":true,"source_control":true,"storage_account":true}}},{"address":"azurerm_app_service_plan.zerosp","mode":"managed","type":"azurerm_app_service_plan","name":"zerosp","provider_name":"registry.terraform.io/hashicorp/azurerm","change":{"actions":["create"],"before":null,"after":{"app_service_environment_id":null,"is_xenon":null,"kind":"Windows","location":"westeurope","name":"GitHubActionsSP","per_site_scaling":null,"reserved":null,"resource_group_name":"GitHubActionsRG","sku":[{"size":"S1","tier":"Standard"}],"tags":null,"timeouts":null},"after_unknown":{"id":true,"maximum_elastic_worker_count":true,"maximum_number_of_workers":true,"sku":[{"capacity":true}]}}},{"address":"azurerm_app_service_slot.heroesapislot","mode":"managed","type":"azurerm_app_service_slot","name":"heroesapislot","provider_name":"registry.terraform.io/hashicorp/azurerm","change":{"actions":["create"],"before":null,"after":{"app_service_name":"HeroesApi","enabled":true,"https_only":false,"location":"westeurope","name":"blue","resource_group_name":"GitHubActionsRG","site_config":[{"always_on":false,"app_command_line":null,"auto_swap_slot_name":null,"default_documents":null,"dotnet_framework_version":"v4.0","health_check_path":null,"http2_enabled":false,"java_container":null,"java_container_version":null,"java_version":null,"managed_pipeline_mode":"Integrated","php_version":null,"python_version":null,"remote_debugging_enabled":false,"scm_use_main_ip_restriction":false,"use_32_bit_worker_process":null,"websockets_enabled":true}],"tags":null,"timeouts":null},"after_unknown":{"app_service_plan_id":true,"app_settings":true,"auth_settings":true,"client_affinity_enabled":true,"connection_string":true,"default_site_hostname":true,"id":true,"identity":true,"logs":true,"site_config":[{"cors":true,"ftps_state":true,"ip_restriction":true,"linux_fx_version":true,"local_mysql_enabled":true,"min_tls_version":true,"number_of_workers":true,"remote_debugging_version":true,"scm_ip_restriction":true,"scm_type":true,"windows_fx_version":true}],"site_credential":true}}},{"address":"azurerm_app_service_slot.heroeswebslot","mode":"managed","type":"azurerm_app_service_slot","name":"heroeswebslot","provider_name":"registry.terraform.io/hashicorp/azurerm","change":{"actions":["create"],"before":null,"after":{"app_service_name":"HeroesWeb","enabled":true,"https_only":false,"location":"westeurope","name":"blue","resource_group_name":"GitHubActionsRG","site_config":[{"always_on":false,"app_command_line":null,"auto_swap_slot_name":null,"default_documents":["index.html"],"dotnet_framework_version":"v4.0","health_check_path":null,"http2_enabled":false,"java_container":null,"java_container_version":null,"java_version":null,"managed_pipeline_mode":"Integrated","php_version":null,"python_version":null,"remote_debugging_enabled":false,"scm_use_main_ip_restriction":false,"use_32_bit_worker_process":null,"websockets_enabled":true}],"tags":null,"timeouts":null},"after_unknown":{"app_service_plan_id":true,"app_settings":true,"auth_settings":true,"client_affinity_enabled":true,"connection_string":true,"default_site_hostname":true,"id":true,"identity":true,"logs":true,"site_config":[{"cors":true,"default_documents":[false],"ftps_state":true,"ip_restriction":true,"linux_fx_version":true,"local_mysql_enabled":true,"min_tls_version":true,"number_of_workers":true,"remote_debugging_version":true,"scm_ip_restriction":true,"scm_type":true,"windows_fx_version":true}],"site_credential":true}}},{"address":"azurerm_application_insights.heroesappinsights","mode":"managed","type":"azurerm_application_insights","name":"heroesappinsights","provider_name":"registry.terraform.io/hashicorp/azurerm","change":{"actions":["create"],"before":null,"after":{"application_type":"web","disable_ip_masking":false,"location":"westeurope","name":"HeroesInsights","resource_group_name":"GitHubActionsRG","retention_in_days":90,"sampling_percentage":100,"tags":null,"timeouts":null},"after_unknown":{"app_id":true,"connection_string":true,"daily_data_cap_in_gb":true,"daily_data_cap_notifications_disabled":true,"id":true,"instrumentation_key":true}}},{"address":"azurerm_resource_group.zerorg","mode":"managed","type":"azurerm_resource_group","name":"zerorg","provider_name":"registry.terraform.io/hashicorp/azurerm","change":{"actions":["create"],"before":null,"after":{"location":"westeurope","name":"GitHubActionsRG","tags":null,"timeouts":null},"after_unknown":{"id":true}}},{"address":"azurerm_sql_database.heroesdatabase","mode":"managed","type":"azurerm_sql_database","name":"heroesdatabase","provider_name":"registry.terraform.io/hashicorp/azurerm","change":{"actions":["create"],"before":null,"after":{"create_mode":"Default","edition":"Standard","import":[],"location":"westeurope","name":"heroes","read_scale":false,"requested_service_objective_name":"S0","resource_group_name":"GitHubActionsRG","server_name":"heroessql","tags":null,"timeouts":null,"zone_redundant":null},"after_unknown":{"collation":true,"creation_date":true,"default_secondary_location":true,"elastic_pool_name":true,"encryption":true,"extended_auditing_policy":true,"id":true,"import":[],"max_size_bytes":true,"max_size_gb":true,"requested_service_objective_id":true,"restore_point_in_time":true,"source_database_deletion_date":true,"source_database_id":true,"threat_detection_policy":true}}},{"address":"azurerm_sql_firewall_rule.sqlsrvfirewall","mode":"managed","type":"azurerm_sql_firewall_rule","name":"sqlsrvfirewall","provider_name":"registry.terraform.io/hashicorp/azurerm","change":{"actions":["create"],"before":null,"after":{"end_ip_address":"255.255.255.255","name":"sqlfr1","resource_group_name":"GitHubActionsRG","server_name":"heroessql","start_ip_address":"1.1.1.1","timeouts":null},"after_unknown":{"id":true}}},{"address":"azurerm_sql_server.sqlsrv","mode":"managed","type":"azurerm_sql_server","name":"sqlsrv","provider_name":"registry.terraform.io/hashicorp/azurerm","change":{"actions":["create"],"before":null,"after":{"administrator_login":"administrador","administrator_login_password":"MyPwd123#","connection_policy":"Default","identity":[],"location":"westeurope","name":"heroessql","resource_group_name":"GitHubActionsRG","tags":null,"timeouts":null,"version":"12.0"},"after_unknown":{"extended_auditing_policy":true,"fully_qualified_domain_name":true,"id":true,"identity":[]}}}],"output_changes":{"insights_instrumentation_key":{"actions":["create"],"before":null,"after_unknown":true}},"configuration":{"provider_config":{"azurerm":{"name":"azurerm","version_constraint":"2.49.0","expressions":{"features":[{}]}}},"root_module":{"outputs":{"insights_instrumentation_key":{"expression":{"references":["azurerm_application_insights.heroesappinsights"]}}},"resources":[{"address":"azurerm_app_service.heroesapi","mode":"managed","type":"azurerm_app_service","name":"heroesapi","provider_config_key":"azurerm","expressions":{"app_service_plan_id":{"references":["azurerm_app_service_plan.zerosp"]},"app_settings":{"references":["azurerm_application_insights.heroesappinsights","azurerm_application_insights.heroesappinsights"]},"location":{"references":["azurerm_resource_group.zerorg"]},"name":{"references":["var.heroesapi_appsvcname"]},"resource_group_name":{"references":["azurerm_resource_group.zerorg"]},"site_config":[{"always_on":{"constant_value":false},"dotnet_framework_version":{"constant_value":"v4.0"},"managed_pipeline_mode":{"constant_value":"Integrated"},"websockets_enabled":{"constant_value":true}}]},"schema_version":0},{"address":"azurerm_app_service.heroesweb","mode":"managed","type":"azurerm_app_service","name":"heroesweb","provider_config_key":"azurerm","expressions":{"app_service_plan_id":{"references":["azurerm_app_service_plan.zerosp"]},"app_settings":{"references":["azurerm_application_insights.heroesappinsights"]},"location":{"references":["azurerm_resource_group.zerorg"]},"name":{"references":["var.heroesweb_appsvcname"]},"resource_group_name":{"references":["azurerm_resource_group.zerorg"]},"site_config":[{"always_on":{"constant_value":false},"default_documents":{"constant_value":["index.html"]},"dotnet_framework_version":{"constant_value":"v4.0"},"managed_pipeline_mode":{"constant_value":"Integrated"},"websockets_enabled":{"constant_value":true}}]},"schema_version":0},{"address":"azurerm_app_service_plan.zerosp","mode":"managed","type":"azurerm_app_service_plan","name":"zerosp","provider_config_key":"azurerm","expressions":{"location":{"references":["azurerm_resource_group.zerorg"]},"name":{"references":["var.app_service_plan_name"]},"resource_group_name":{"references":["azurerm_resource_group.zerorg"]},"sku":[{"size":{"constant_value":"S1"},"tier":{"constant_value":"Standard"}}]},"schema_version":0},{"address":"azurerm_app_service_slot.heroesapislot","mode":"managed","type":"azurerm_app_service_slot","name":"heroesapislot","provider_config_key":"azurerm","expressions":{"app_service_name":{"references":["azurerm_app_service.heroesapi"]},"app_service_plan_id":{"references":["azurerm_app_service_plan.zerosp"]},"app_settings":{"references":["azurerm_application_insights.heroesappinsights","azurerm_application_insights.heroesappinsights"]},"location":{"references":["azurerm_resource_group.zerorg"]},"name":{"constant_value":"blue"},"resource_group_name":{"references":["azurerm_resource_group.zerorg"]},"site_config":[{"always_on":{"constant_value":false},"dotnet_framework_version":{"constant_value":"v4.0"},"managed_pipeline_mode":{"constant_value":"Integrated"},"websockets_enabled":{"constant_value":true}}]},"schema_version":0},{"address":"azurerm_app_service_slot.heroeswebslot","mode":"managed","type":"azurerm_app_service_slot","name":"heroeswebslot","provider_config_key":"azurerm","expressions":{"app_service_name":{"references":["azurerm_app_service.heroesweb"]},"app_service_plan_id":{"references":["azurerm_app_service_plan.zerosp"]},"location":{"references":["azurerm_resource_group.zerorg"]},"name":{"constant_value":"blue"},"resource_group_name":{"references":["azurerm_resource_group.zerorg"]},"site_config":[{"always_on":{"constant_value":false},"default_documents":{"constant_value":["index.html"]},"dotnet_framework_version":{"constant_value":"v4.0"},"managed_pipeline_mode":{"constant_value":"Integrated"},"websockets_enabled":{"constant_value":true}}]},"schema_version":0},{"address":"azurerm_application_insights.heroesappinsights","mode":"managed","type":"azurerm_application_insights","name":"heroesappinsights","provider_config_key":"azurerm","expressions":{"application_type":{"constant_value":"web"},"location":{"references":["azurerm_resource_group.zerorg"]},"name":{"references":["var.heroesinsights"]},"resource_group_name":{"references":["azurerm_resource_group.zerorg"]}},"schema_version":0},{"address":"azurerm_resource_group.zerorg","mode":"managed","type":"azurerm_resource_group","name":"zerorg","provider_config_key":"azurerm","expressions":{"location":{"references":["var.location"]},"name":{"references":["var.resource_group"]}},"schema_version":0},{"address":"azurerm_sql_database.heroesdatabase","mode":"managed","type":"azurerm_sql_database","name":"heroesdatabase","provider_config_key":"azurerm","expressions":{"edition":{"constant_value":"Standard"},"location":{"references":["azurerm_resource_group.zerorg"]},"name":{"references":["var.database_name"]},"requested_service_objective_name":{"constant_value":"S0"},"resource_group_name":{"references":["azurerm_resource_group.zerorg"]},"server_name":{"references":["azurerm_sql_server.sqlsrv"]}},"schema_version":0},{"address":"azurerm_sql_firewall_rule.sqlsrvfirewall","mode":"managed","type":"azurerm_sql_firewall_rule","name":"sqlsrvfirewall","provider_config_key":"azurerm","expressions":{"end_ip_address":{"constant_value":"255.255.255.255"},"name":{"constant_value":"sqlfr1"},"resource_group_name":{"references":["azurerm_resource_group.zerorg"]},"server_name":{"references":["azurerm_sql_server.sqlsrv"]},"start_ip_address":{"constant_value":"1.1.1.1"}},"schema_version":0},{"address":"azurerm_sql_server.sqlsrv","mode":"managed","type":"azurerm_sql_server","name":"sqlsrv","provider_config_key":"azurerm","expressions":{"administrator_login":{"references":["var.sql_server_login"]},"administrator_login_password":{"references":["var.sql_server_pwd"]},"location":{"references":["azurerm_resource_group.zerorg"]},"name":{"references":["var.sql_server_name"]},"resource_group_name":{"references":["azurerm_resource_group.zerorg"]},"version":{"constant_value":"12.0"}},"schema_version":0}],"variables":{"app_service_plan_name":{"description":"App Service plan name"},"database_name":{"description":"database name"},"heroesapi_appsvcname":{"description":"App Service name for api"},"heroesinsights":{"description":"Application insights name"},"heroesweb_appsvcname":{"description":"App Service name for front"},"location":{"default":"westeurope","description":"Location for resources"},"resource_group":{"description":"Resource group name"},"sql_server_login":{"description":"Sql server administrator user"},"sql_server_name":{"description":"Azure Sql Server name"},"sql_server_pwd":{"description":"Password for sql administrator user"}}}}}
